
Microsoft Visual Studio Solution File, Format Version 12.00
# Visual Studio 14
VisualStudioVersion = 14.0.23107.0
MinimumVisualStudioVersion = 10.0.40219.1
Project("{FAE04EC0-301F-11D3-BF4B-00C04F79EFBC}") = "townWinForm", "townWinForm\townWinForm.csproj", "{BD737351-5746-43AF-81BB-3C8D99DADB65}"
EndProject
Project("{FAE04EC0-301F-11D3-BF4B-00C04F79EFBC}") = "TownInterfaces", "TownInterfaces\TownInterfaces.csproj", "{8E5E6E4E-92C8-4ACE-926F-C0EF6B6797CA}"
EndProject
Project("{FAE04EC0-301F-11D3-BF4B-00C04F79EFBC}") = "Behaviours", "Behaviours\Behaviours.csproj", "{58917EF3-F0C8-40D4-91A8-9C7829ECDF4A}"
EndProject
Project("{FAE04EC0-301F-11D3-BF4B-00C04F79EFBC}") = "BehaviourModel", "BehaviourModel\BehaviourModel.csproj", "{FD571D9B-4CB0-4871-83D6-96986D40A01A}"
EndProject
Project("{FAE04EC0-301F-11D3-BF4B-00C04F79EFBC}") = "Products", "Products\Products.csproj", "{B801A7D9-DF8D-4746-AFC3-1738845A093A}"
EndProject
Global
	GlobalSection(SolutionConfigurationPlatforms) = preSolution
		Debug|Any CPU = Debug|Any CPU
		Release|Any CPU = Release|Any CPU
	EndGlobalSection
	GlobalSection(ProjectConfigurationPlatforms) = postSolution
		{BD737351-5746-43AF-81BB-3C8D99DADB65}.Debug|Any CPU.ActiveCfg = Debug|Any CPU
		{BD737351-5746-43AF-81BB-3C8D99DADB65}.Debug|Any CPU.Build.0 = Debug|Any CPU
		{BD737351-5746-43AF-81BB-3C8D99DADB65}.Release|Any CPU.ActiveCfg = Release|Any CPU
		{BD737351-5746-43AF-81BB-3C8D99DADB65}.Release|Any CPU.Build.0 = Release|Any CPU
		{8E5E6E4E-92C8-4ACE-926F-C0EF6B6797CA}.Debug|Any CPU.ActiveCfg = Debug|Any CPU
		{8E5E6E4E-92C8-4ACE-926F-C0EF6B6797CA}.Debug|Any CPU.Build.0 = Debug|Any CPU
		{8E5E6E4E-92C8-4ACE-926F-C0EF6B6797CA}.Release|Any CPU.ActiveCfg = Release|Any CPU
		{8E5E6E4E-92C8-4ACE-926F-C0EF6B6797CA}.Release|Any CPU.Build.0 = Release|Any CPU
		{58917EF3-F0C8-40D4-91A8-9C7829ECDF4A}.Debug|Any CPU.ActiveCfg = Debug|Any CPU
		{58917EF3-F0C8-40D4-91A8-9C7829ECDF4A}.Debug|Any CPU.Build.0 = Debug|Any CPU
		{58917EF3-F0C8-40D4-91A8-9C7829ECDF4A}.Release|Any CPU.ActiveCfg = Release|Any CPU
		{58917EF3-F0C8-40D4-91A8-9C7829ECDF4A}.Release|Any CPU.Build.0 = Release|Any CPU
		{FD571D9B-4CB0-4871-83D6-96986D40A01A}.Debug|Any CPU.ActiveCfg = Debug|Any CPU
		{FD571D9B-4CB0-4871-83D6-96986D40A01A}.Debug|Any CPU.Build.0 = Debug|Any CPU
		{FD571D9B-4CB0-4871-83D6-96986D40A01A}.Release|Any CPU.ActiveCfg = Release|Any CPU
		{FD571D9B-4CB0-4871-83D6-96986D40A01A}.Release|Any CPU.Build.0 = Release|Any CPU
		{B801A7D9-DF8D-4746-AFC3-1738845A093A}.Debug|Any CPU.ActiveCfg = Debug|Any CPU
		{B801A7D9-DF8D-4746-AFC3-1738845A093A}.Debug|Any CPU.Build.0 = Debug|Any CPU
		{B801A7D9-DF8D-4746-AFC3-1738845A093A}.Release|Any CPU.ActiveCfg = Release|Any CPU
		{B801A7D9-DF8D-4746-AFC3-1738845A093A}.Release|Any CPU.Build.0 = Release|Any CPU
	EndGlobalSection
	GlobalSection(SolutionProperties) = preSolution
		HideSolutionNode = FALSE
	EndGlobalSection
EndGlobal
